{
  "name": "docx2pdf-cli",
  "version": "0.2.1",
  "lockfileVersion": 3,
  "requires": true,
  "packages": {
    "": {
      "name": "docx2pdf-cli",
      "version": "0.2.1",
      "license": "MIT",
      "bin": {
        "docx2pdf": "src/cli.js"
      },
      "engines": {
        "node": ">=18"
      }
    }
  }
}
